
Microsoft Visual Studio Solution File, Format Version 12.00
# Visual Studio 15
Project("{FAE04EC0-301F-11D3-BF4B-00C04F79EFBC}") = "Ultraleap.Tracking.Core", "Ultraleap.Tracking.Core.csproj", "{824C990B-1F56-0CE7-D411-1528182884E4}"
EndProject
Project("{FAE04EC0-301F-11D3-BF4B-00C04F79EFBC}") = "Ultraleap.Tracking.InteractionEngine", "Ultraleap.Tracking.InteractionEngine.csproj", "{4BC763C4-AD0E-29E4-99DA-8BA36133A48C}"
EndProject
Project("{FAE04EC0-301F-11D3-BF4B-00C04F79EFBC}") = "LeapMotion.LeapCSharp", "LeapMotion.LeapCSharp.csproj", "{D5ADCFDC-44E7-BEE8-A2E9-5A397B6EFF0F}"
EndProject
Project("{FAE04EC0-301F-11D3-BF4B-00C04F79EFBC}") = "Ultraleap.Tracking.Hands", "Ultraleap.Tracking.Hands.csproj", "{48597EE8-48CA-54B3-043E-0FFD85F6909B}"
EndProject
Project("{FAE04EC0-301F-11D3-BF4B-00C04F79EFBC}") = "Assembly-CSharp", "Assembly-CSharp.csproj", "{61913B58-0AD3-894F-BF60-B66079DC42FA}"
EndProject
Project("{FAE04EC0-301F-11D3-BF4B-00C04F79EFBC}") = "Ultraleap.Tracking.Core.Editor.Tests", "Ultraleap.Tracking.Core.Editor.Tests.csproj", "{32EAA8F4-19C3-8506-07EB-F2502A5BAC7F}"
EndProject
Project("{FAE04EC0-301F-11D3-BF4B-00C04F79EFBC}") = "Ultraleap.Tracking.InteractionEngine.Editor", "Ultraleap.Tracking.InteractionEngine.Editor.csproj", "{2BFFD2B6-C919-ECAE-3EAA-8AA0380337BE}"
EndProject
Project("{FAE04EC0-301F-11D3-BF4B-00C04F79EFBC}") = "Ultraleap.Tracking.Core.Editor", "Ultraleap.Tracking.Core.Editor.csproj", "{749F034D-6BA6-C3EA-31F8-0ADFE9BEDB2A}"
EndProject
Project("{FAE04EC0-301F-11D3-BF4B-00C04F79EFBC}") = "Ultraleap.Tracking.Hands.Editor", "Ultraleap.Tracking.Hands.Editor.csproj", "{D26D96A7-9FA6-0E77-C341-58E7140FF8ED}"
EndProject
Project("{FAE04EC0-301F-11D3-BF4B-00C04F79EFBC}") = "Assembly-CSharp-Editor", "Assembly-CSharp-Editor.csproj", "{F0C0722C-1AC1-7CF0-108B-B244CA34EC67}"
EndProject
Global
	GlobalSection(SolutionConfigurationPlatforms) = preSolution
		Debug|Any CPU = Debug|Any CPU
		Release|Any CPU = Release|Any CPU
	EndGlobalSection
	GlobalSection(ProjectConfigurationPlatforms) = postSolution
		{824C990B-1F56-0CE7-D411-1528182884E4}.Debug|Any CPU.ActiveCfg = Debug|Any CPU
		{824C990B-1F56-0CE7-D411-1528182884E4}.Debug|Any CPU.Build.0 = Debug|Any CPU
		{824C990B-1F56-0CE7-D411-1528182884E4}.Release|Any CPU.ActiveCfg = Release|Any CPU
		{824C990B-1F56-0CE7-D411-1528182884E4}.Release|Any CPU.Build.0 = Release|Any CPU
		{4BC763C4-AD0E-29E4-99DA-8BA36133A48C}.Debug|Any CPU.ActiveCfg = Debug|Any CPU
		{4BC763C4-AD0E-29E4-99DA-8BA36133A48C}.Debug|Any CPU.Build.0 = Debug|Any CPU
		{4BC763C4-AD0E-29E4-99DA-8BA36133A48C}.Release|Any CPU.ActiveCfg = Release|Any CPU
		{4BC763C4-AD0E-29E4-99DA-8BA36133A48C}.Release|Any CPU.Build.0 = Release|Any CPU
		{D5ADCFDC-44E7-BEE8-A2E9-5A397B6EFF0F}.Debug|Any CPU.ActiveCfg = Debug|Any CPU
		{D5ADCFDC-44E7-BEE8-A2E9-5A397B6EFF0F}.Debug|Any CPU.Build.0 = Debug|Any CPU
		{D5ADCFDC-44E7-BEE8-A2E9-5A397B6EFF0F}.Release|Any CPU.ActiveCfg = Release|Any CPU
		{D5ADCFDC-44E7-BEE8-A2E9-5A397B6EFF0F}.Release|Any CPU.Build.0 = Release|Any CPU
		{48597EE8-48CA-54B3-043E-0FFD85F6909B}.Debug|Any CPU.ActiveCfg = Debug|Any CPU
		{48597EE8-48CA-54B3-043E-0FFD85F6909B}.Debug|Any CPU.Build.0 = Debug|Any CPU
		{48597EE8-48CA-54B3-043E-0FFD85F6909B}.Release|Any CPU.ActiveCfg = Release|Any CPU
		{48597EE8-48CA-54B3-043E-0FFD85F6909B}.Release|Any CPU.Build.0 = Release|Any CPU
		{61913B58-0AD3-894F-BF60-B66079DC42FA}.Debug|Any CPU.ActiveCfg = Debug|Any CPU
		{61913B58-0AD3-894F-BF60-B66079DC42FA}.Debug|Any CPU.Build.0 = Debug|Any CPU
		{61913B58-0AD3-894F-BF60-B66079DC42FA}.Release|Any CPU.ActiveCfg = Release|Any CPU
		{61913B58-0AD3-894F-BF60-B66079DC42FA}.Release|Any CPU.Build.0 = Release|Any CPU
		{32EAA8F4-19C3-8506-07EB-F2502A5BAC7F}.Debug|Any CPU.ActiveCfg = Debug|Any CPU
		{32EAA8F4-19C3-8506-07EB-F2502A5BAC7F}.Debug|Any CPU.Build.0 = Debug|Any CPU
		{32EAA8F4-19C3-8506-07EB-F2502A5BAC7F}.Release|Any CPU.ActiveCfg = Release|Any CPU
		{32EAA8F4-19C3-8506-07EB-F2502A5BAC7F}.Release|Any CPU.Build.0 = Release|Any CPU
		{2BFFD2B6-C919-ECAE-3EAA-8AA0380337BE}.Debug|Any CPU.ActiveCfg = Debug|Any CPU
		{2BFFD2B6-C919-ECAE-3EAA-8AA0380337BE}.Debug|Any CPU.Build.0 = Debug|Any CPU
		{2BFFD2B6-C919-ECAE-3EAA-8AA0380337BE}.Release|Any CPU.ActiveCfg = Release|Any CPU
		{2BFFD2B6-C919-ECAE-3EAA-8AA0380337BE}.Release|Any CPU.Build.0 = Release|Any CPU
		{749F034D-6BA6-C3EA-31F8-0ADFE9BEDB2A}.Debug|Any CPU.ActiveCfg = Debug|Any CPU
		{749F034D-6BA6-C3EA-31F8-0ADFE9BEDB2A}.Debug|Any CPU.Build.0 = Debug|Any CPU
		{749F034D-6BA6-C3EA-31F8-0ADFE9BEDB2A}.Release|Any CPU.ActiveCfg = Release|Any CPU
		{749F034D-6BA6-C3EA-31F8-0ADFE9BEDB2A}.Release|Any CPU.Build.0 = Release|Any CPU
		{D26D96A7-9FA6-0E77-C341-58E7140FF8ED}.Debug|Any CPU.ActiveCfg = Debug|Any CPU
		{D26D96A7-9FA6-0E77-C341-58E7140FF8ED}.Debug|Any CPU.Build.0 = Debug|Any CPU
		{D26D96A7-9FA6-0E77-C341-58E7140FF8ED}.Release|Any CPU.ActiveCfg = Release|Any CPU
		{D26D96A7-9FA6-0E77-C341-58E7140FF8ED}.Release|Any CPU.Build.0 = Release|Any CPU
		{F0C0722C-1AC1-7CF0-108B-B244CA34EC67}.Debug|Any CPU.ActiveCfg = Debug|Any CPU
		{F0C0722C-1AC1-7CF0-108B-B244CA34EC67}.Debug|Any CPU.Build.0 = Debug|Any CPU
		{F0C0722C-1AC1-7CF0-108B-B244CA34EC67}.Release|Any CPU.ActiveCfg = Release|Any CPU
		{F0C0722C-1AC1-7CF0-108B-B244CA34EC67}.Release|Any CPU.Build.0 = Release|Any CPU
	EndGlobalSection
	GlobalSection(SolutionProperties) = preSolution
		HideSolutionNode = FALSE
	EndGlobalSection
EndGlobal
